
Microsoft Visual Studio Solution File, Format Version 12.00
# Visual Studio 15
VisualStudioVersion = 15.0.26730.15
MinimumVisualStudioVersion = 10.0.40219.1
Project("{888888A0-9F3D-457C-B088-3A5042F75D52}") = "think stats code", "think stats code.pyproj", "{4D5292C7-0CCB-4025-930D-9FD1E01AD8D8}"
EndProject
Global
	GlobalSection(SolutionConfigurationPlatforms) = preSolution
		Debug|Any CPU = Debug|Any CPU
		Release|Any CPU = Release|Any CPU
	EndGlobalSection
	GlobalSection(ProjectConfigurationPlatforms) = postSolution
		{4D5292C7-0CCB-4025-930D-9FD1E01AD8D8}.Debug|Any CPU.ActiveCfg = Debug|Any CPU
		{4D5292C7-0CCB-4025-930D-9FD1E01AD8D8}.Release|Any CPU.ActiveCfg = Release|Any CPU
	EndGlobalSection
	GlobalSection(SolutionProperties) = preSolution
		HideSolutionNode = FALSE
	EndGlobalSection
	GlobalSection(ExtensibilityGlobals) = postSolution
		SolutionGuid = {F9CCBF46-3E68-4B65-872A-EE174B227D5F}
	EndGlobalSection
EndGlobal
